github.com/billziss-gh/cgofuse v1.5.0 h1:kH516I/s+Ab4diL/Y/ayFeUjjA8ey+JK12xDfBf4HEs=
github.com/billziss-gh/cgofuse v1.5.0/go.mod h1:LJjoaUojlVjgo5GQoEJTcJNqZJeRU0nCR84CyxKt2YM=
github.com/creack/pty v1.1.7/go.mod h1:lj5s0c3V2DBrqTV7llrYr5NG6My20zk30Fl46Y7DoTY=
github.com/creack/pty v1.1.9/go.mod h1:oKZEueFk5CKHvIhNR5MUki03XCEU+Q6VDXinZuGJ33E=
github.com/go-git/go-billy v4.2.0+incompatible h1:Z6QtVXd5tjxUtcODLugkJg4WaZnGg13CD8qB9pr+7q0=
github.com/go-git/go-billy v4.2.0+incompatible/go.mod h1:hedUGslB3n31bx5SW9KMjV/t0CUKnrapjVG9fT7xKX4=
github.com/kr/pretty v0.1.0/go.mod h1:dAy3ld7l9f0ibDNOQOHHMYYIIbhfbHSm3C4ZsoJORNo=
github.com/kr/pty v1.1.1/go.mod h1:pFQYn66WHrOpPYNljwOMqo10TkYh1fy3cYio2l3bCsQ=
github.com/kr/pty v1.1.8/go.mod h1:O1sed60cT9XZ5uDucP5qwvh+TE3NnUj51EiZO/lmSfw=
github.com/kr/text v0.1.0/go.mod h1:4Jbv+DJW3UT/LiOwJeYQe1efqtUx/iVham/4vfdArNI=
github.com/kr/text v0.2.0 h1:5Nx0Ya0ZqY2ygV366QzturHI13Jq95ApcVaJBhpS+AY=
github.com/kr/text v0.2.0/go.mod h1:eLer722TekiGuMkidMxC/pM04lWEeraHUUmBw8l2grE=
github.com/niemeyer/pretty v0.0.0-20200227124842-a10e7caefd8e h1:fD57ERR4JtEqsWbfPhv4DMiApHyliiK5xCTNVSPiaAs=
github.com/niemeyer/pretty v0.0.0-20200227124842-a10e7caefd8e/go.mod h1:zD1mROLANZcx1PVRCS0qkT7pwLkGfwJo4zjcN/Tysno=
golang.org/x/sys v0.0.0-20190726091711-fc99dfbffb4e/go.mod h1:h1NjWce9XRLGQEsW7wpKNCjG9DtNlClVuFLEZdDNbEs=
gopkg.in/check.v1 v1.0.0-20180628173108-788fd7840127/go.mod h1:Co6ibVJAznAaIkqp8huTwlJQCZ016jof/cbN4VW5Yz0=
gopkg.in/check.v1 v1.0.0-20200227125254-8fa46927fb4f h1:BLraFXnmrev5lT+xlilqcH8XK9/i0At2xKjWk4p6zsU=
gopkg.in/check.v1 v1.0.0-20200227125254-8fa46927fb4f/go.mod h1:Co6ibVJAznAaIkqp8huTwlJQCZ016jof/cbN4VW5Yz0=
gopkg.in/src-d/go-billy.v4 v4.3.2 h1:0SQA1pRztfTFx2miS8sA97XvooFeNOmvUenF4o0EcVg=
gopkg.in/src-d/go-billy.v4 v4.3.2/go.mod h1:nDjArDMp+XMs1aFAESLRjfGSgfvoYN0hDfzEk0GjC98=
